
Microsoft Visual Studio Solution File, Format Version 12.00
# Visual Studio 14
VisualStudioVersion = 14.0.23107.0
MinimumVisualStudioVersion = 10.0.40219.1
Project("{FAE04EC0-301F-11D3-BF4B-00C04F79EFBC}") = "FicsClientLibraryPortable", "FicsClientLibrary\FicsClientLibraryPortable.csproj", "{04836B54-E59D-49EA-8992-848BB71BE1DC}"
EndProject
Project("{FAE04EC0-301F-11D3-BF4B-00C04F79EFBC}") = "FicsClientLibraryTestsWindows", "FicsClientLibraryTests\FicsClientLibraryTestsWindows.csproj", "{EC1EC2DC-4D1B-42DF-B274-8A033D2FCA4F}"
EndProject
Project("{FAE04EC0-301F-11D3-BF4B-00C04F79EFBC}") = "FicsClientLibrary", "FicsClientLibrary\FicsClientLibrary.csproj", "{C734A91D-733F-4A92-92A4-F6736186ADE5}"
EndProject
Project("{FAE04EC0-301F-11D3-BF4B-00C04F79EFBC}") = "FicsClientLibraryTests", "FicsClientLibraryTests\FicsClientLibraryTests.csproj", "{ACFE0DCE-6458-4D15-B00C-56CA83CD2128}"
EndProject
Global
	GlobalSection(SolutionConfigurationPlatforms) = preSolution
		Debug|Any CPU = Debug|Any CPU
		Debug|ARM = Debug|ARM
		Debug|x64 = Debug|x64
		Debug|x86 = Debug|x86
		Release|Any CPU = Release|Any CPU
		Release|ARM = Release|ARM
		Release|x64 = Release|x64
		Release|x86 = Release|x86
	EndGlobalSection
	GlobalSection(ProjectConfigurationPlatforms) = postSolution
		{04836B54-E59D-49EA-8992-848BB71BE1DC}.Debug|Any CPU.ActiveCfg = Debug|Any CPU
		{04836B54-E59D-49EA-8992-848BB71BE1DC}.Debug|Any CPU.Build.0 = Debug|Any CPU
		{04836B54-E59D-49EA-8992-848BB71BE1DC}.Debug|ARM.ActiveCfg = Debug|Any CPU
		{04836B54-E59D-49EA-8992-848BB71BE1DC}.Debug|ARM.Build.0 = Debug|Any CPU
		{04836B54-E59D-49EA-8992-848BB71BE1DC}.Debug|x64.ActiveCfg = Debug|Any CPU
		{04836B54-E59D-49EA-8992-848BB71BE1DC}.Debug|x64.Build.0 = Debug|Any CPU
		{04836B54-E59D-49EA-8992-848BB71BE1DC}.Debug|x86.ActiveCfg = Debug|Any CPU
		{04836B54-E59D-49EA-8992-848BB71BE1DC}.Debug|x86.Build.0 = Debug|Any CPU
		{04836B54-E59D-49EA-8992-848BB71BE1DC}.Release|Any CPU.ActiveCfg = Release|Any CPU
		{04836B54-E59D-49EA-8992-848BB71BE1DC}.Release|Any CPU.Build.0 = Release|Any CPU
		{04836B54-E59D-49EA-8992-848BB71BE1DC}.Release|ARM.ActiveCfg = Release|Any CPU
		{04836B54-E59D-49EA-8992-848BB71BE1DC}.Release|ARM.Build.0 = Release|Any CPU
		{04836B54-E59D-49EA-8992-848BB71BE1DC}.Release|x64.ActiveCfg = Release|Any CPU
		{04836B54-E59D-49EA-8992-848BB71BE1DC}.Release|x64.Build.0 = Release|Any CPU
		{04836B54-E59D-49EA-8992-848BB71BE1DC}.Release|x86.ActiveCfg = Release|Any CPU
		{04836B54-E59D-49EA-8992-848BB71BE1DC}.Release|x86.Build.0 = Release|Any CPU
		{EC1EC2DC-4D1B-42DF-B274-8A033D2FCA4F}.Debug|Any CPU.ActiveCfg = Debug|Any CPU
		{EC1EC2DC-4D1B-42DF-B274-8A033D2FCA4F}.Debug|Any CPU.Build.0 = Debug|Any CPU
		{EC1EC2DC-4D1B-42DF-B274-8A033D2FCA4F}.Debug|Any CPU.Deploy.0 = Debug|Any CPU
		{EC1EC2DC-4D1B-42DF-B274-8A033D2FCA4F}.Debug|ARM.ActiveCfg = Debug|ARM
		{EC1EC2DC-4D1B-42DF-B274-8A033D2FCA4F}.Debug|ARM.Build.0 = Debug|ARM
		{EC1EC2DC-4D1B-42DF-B274-8A033D2FCA4F}.Debug|ARM.Deploy.0 = Debug|ARM
		{EC1EC2DC-4D1B-42DF-B274-8A033D2FCA4F}.Debug|x64.ActiveCfg = Debug|x64
		{EC1EC2DC-4D1B-42DF-B274-8A033D2FCA4F}.Debug|x64.Build.0 = Debug|x64
		{EC1EC2DC-4D1B-42DF-B274-8A033D2FCA4F}.Debug|x64.Deploy.0 = Debug|x64
		{EC1EC2DC-4D1B-42DF-B274-8A033D2FCA4F}.Debug|x86.ActiveCfg = Debug|x86
		{EC1EC2DC-4D1B-42DF-B274-8A033D2FCA4F}.Debug|x86.Build.0 = Debug|x86
		{EC1EC2DC-4D1B-42DF-B274-8A033D2FCA4F}.Debug|x86.Deploy.0 = Debug|x86
		{EC1EC2DC-4D1B-42DF-B274-8A033D2FCA4F}.Release|Any CPU.ActiveCfg = Release|Any CPU
		{EC1EC2DC-4D1B-42DF-B274-8A033D2FCA4F}.Release|Any CPU.Build.0 = Release|Any CPU
		{EC1EC2DC-4D1B-42DF-B274-8A033D2FCA4F}.Release|Any CPU.Deploy.0 = Release|Any CPU
		{EC1EC2DC-4D1B-42DF-B274-8A033D2FCA4F}.Release|ARM.ActiveCfg = Release|ARM
		{EC1EC2DC-4D1B-42DF-B274-8A033D2FCA4F}.Release|ARM.Build.0 = Release|ARM
		{EC1EC2DC-4D1B-42DF-B274-8A033D2FCA4F}.Release|ARM.Deploy.0 = Release|ARM
		{EC1EC2DC-4D1B-42DF-B274-8A033D2FCA4F}.Release|x64.ActiveCfg = Release|x64
		{EC1EC2DC-4D1B-42DF-B274-8A033D2FCA4F}.Release|x64.Build.0 = Release|x64
		{EC1EC2DC-4D1B-42DF-B274-8A033D2FCA4F}.Release|x64.Deploy.0 = Release|x64
		{EC1EC2DC-4D1B-42DF-B274-8A033D2FCA4F}.Release|x86.ActiveCfg = Release|x86
		{EC1EC2DC-4D1B-42DF-B274-8A033D2FCA4F}.Release|x86.Build.0 = Release|x86
		{EC1EC2DC-4D1B-42DF-B274-8A033D2FCA4F}.Release|x86.Deploy.0 = Release|x86
		{C734A91D-733F-4A92-92A4-F6736186ADE5}.Debug|Any CPU.ActiveCfg = Debug|Any CPU
		{C734A91D-733F-4A92-92A4-F6736186ADE5}.Debug|Any CPU.Build.0 = Debug|Any CPU
		{C734A91D-733F-4A92-92A4-F6736186ADE5}.Debug|ARM.ActiveCfg = Debug|Any CPU
		{C734A91D-733F-4A92-92A4-F6736186ADE5}.Debug|ARM.Build.0 = Debug|Any CPU
		{C734A91D-733F-4A92-92A4-F6736186ADE5}.Debug|x64.ActiveCfg = Debug|Any CPU
		{C734A91D-733F-4A92-92A4-F6736186ADE5}.Debug|x64.Build.0 = Debug|Any CPU
		{C734A91D-733F-4A92-92A4-F6736186ADE5}.Debug|x86.ActiveCfg = Debug|Any CPU
		{C734A91D-733F-4A92-92A4-F6736186ADE5}.Debug|x86.Build.0 = Debug|Any CPU
		{C734A91D-733F-4A92-92A4-F6736186ADE5}.Release|Any CPU.ActiveCfg = Release|Any CPU
		{C734A91D-733F-4A92-92A4-F6736186ADE5}.Release|Any CPU.Build.0 = Release|Any CPU
		{C734A91D-733F-4A92-92A4-F6736186ADE5}.Release|ARM.ActiveCfg = Release|Any CPU
		{C734A91D-733F-4A92-92A4-F6736186ADE5}.Release|ARM.Build.0 = Release|Any CPU
		{C734A91D-733F-4A92-92A4-F6736186ADE5}.Release|x64.ActiveCfg = Release|Any CPU
		{C734A91D-733F-4A92-92A4-F6736186ADE5}.Release|x64.Build.0 = Release|Any CPU
		{C734A91D-733F-4A92-92A4-F6736186ADE5}.Release|x86.ActiveCfg = Release|Any CPU
		{C734A91D-733F-4A92-92A4-F6736186ADE5}.Release|x86.Build.0 = Release|Any CPU
		{ACFE0DCE-6458-4D15-B00C-56CA83CD2128}.Debug|Any CPU.ActiveCfg = Debug|Any CPU
		{ACFE0DCE-6458-4D15-B00C-56CA83CD2128}.Debug|Any CPU.Build.0 = Debug|Any CPU
		{ACFE0DCE-6458-4D15-B00C-56CA83CD2128}.Debug|ARM.ActiveCfg = Debug|Any CPU
		{ACFE0DCE-6458-4D15-B00C-56CA83CD2128}.Debug|ARM.Build.0 = Debug|Any CPU
		{ACFE0DCE-6458-4D15-B00C-56CA83CD2128}.Debug|x64.ActiveCfg = Debug|Any CPU
		{ACFE0DCE-6458-4D15-B00C-56CA83CD2128}.Debug|x64.Build.0 = Debug|Any CPU
		{ACFE0DCE-6458-4D15-B00C-56CA83CD2128}.Debug|x86.ActiveCfg = Debug|Any CPU
		{ACFE0DCE-6458-4D15-B00C-56CA83CD2128}.Debug|x86.Build.0 = Debug|Any CPU
		{ACFE0DCE-6458-4D15-B00C-56CA83CD2128}.Release|Any CPU.ActiveCfg = Release|Any CPU
		{ACFE0DCE-6458-4D15-B00C-56CA83CD2128}.Release|Any CPU.Build.0 = Release|Any CPU
		{ACFE0DCE-6458-4D15-B00C-56CA83CD2128}.Release|ARM.ActiveCfg = Release|Any CPU
		{ACFE0DCE-6458-4D15-B00C-56CA83CD2128}.Release|ARM.Build.0 = Release|Any CPU
		{ACFE0DCE-6458-4D15-B00C-56CA83CD2128}.Release|x64.ActiveCfg = Release|Any CPU
		{ACFE0DCE-6458-4D15-B00C-56CA83CD2128}.Release|x64.Build.0 = Release|Any CPU
		{ACFE0DCE-6458-4D15-B00C-56CA83CD2128}.Release|x86.ActiveCfg = Release|Any CPU
		{ACFE0DCE-6458-4D15-B00C-56CA83CD2128}.Release|x86.Build.0 = Release|Any CPU
	EndGlobalSection
	GlobalSection(SolutionProperties) = preSolution
		HideSolutionNode = FALSE
	EndGlobalSection
EndGlobal
