
Microsoft Visual Studio Solution File, Format Version 12.00
# Visual Studio 14
VisualStudioVersion = 14.0.23107.0
MinimumVisualStudioVersion = 10.0.40219.1
Project("{FAE04EC0-301F-11D3-BF4B-00C04F79EFBC}") = "FicsClientLibraryPortable", "FicsClientLibraryPortable\FicsClientLibraryPortable.csproj", "{04836B54-E59D-49EA-8992-848BB71BE1DC}"
EndProject
Project("{FAE04EC0-301F-11D3-BF4B-00C04F79EFBC}") = "FicsClientLibraryTestsWindows", "FicsClientLibraryTestsWindows\FicsClientLibraryTestsWindows.csproj", "{EC1EC2DC-4D1B-42DF-B274-8A033D2FCA4F}"
EndProject
Project("{FAE04EC0-301F-11D3-BF4B-00C04F79EFBC}") = "FicsClientLibrary", "FicsClientLibrary\FicsClientLibrary.csproj", "{C734A91D-733F-4A92-92A4-F6736186ADE5}"
EndProject
Project("{FAE04EC0-301F-11D3-BF4B-00C04F79EFBC}") = "FicsClientLibraryTests", "FicsClientLibraryTests\FicsClientLibraryTests.csproj", "{ACFE0DCE-6458-4D15-B00C-56CA83CD2128}"
EndProject
Project("{FAE04EC0-301F-11D3-BF4B-00C04F79EFBC}") = "FicsClientLibraryTestsPhone", "FicsClientLibraryTestsPhone\FicsClientLibraryTestsPhone.csproj", "{E52D695D-BF80-4740-B120-F27BB1792E4A}"
EndProject
Project("{FAE04EC0-301F-11D3-BF4B-00C04F79EFBC}") = "FicsClientLibraryUniversal", "FicsClientLibraryUniversal\FicsClientLibraryUniversal.csproj", "{2FC12A8B-7836-4D25-A55A-7E756105A9CC}"
EndProject
Project("{FAE04EC0-301F-11D3-BF4B-00C04F79EFBC}") = "FicsClientLibraryTestsUniversal", "FicsClientLibraryTestsUniversal\FicsClientLibraryTestsUniversal.csproj", "{9E7E0FEB-DB90-40D3-AD16-2477987A4399}"
EndProject
Project("{2150E333-8FDC-42A3-9474-1A3956D46DE8}") = "TestApps", "TestApps", "{B75D2F11-ED25-431E-9886-59609893E9B2}"
EndProject
Project("{2150E333-8FDC-42A3-9474-1A3956D46DE8}") = "Library", "Library", "{28151CF5-6BE3-4DC1-AB6E-29D8D667EC05}"
EndProject
Project("{2150E333-8FDC-42A3-9474-1A3956D46DE8}") = "LibraryTests", "LibraryTests", "{996DDD15-5802-4398-8B51-DD2393ABB5C6}"
EndProject
Project("{FAE04EC0-301F-11D3-BF4B-00C04F79EFBC}") = "TestAppUniversal", "TestAppUniversal\TestAppUniversal.csproj", "{65212DBD-DE92-4030-A794-AB4406A06060}"
EndProject
Project("{FAE04EC0-301F-11D3-BF4B-00C04F79EFBC}") = "GameCrawler", "GameCrawler\GameCrawler.csproj", "{562F028E-7549-4759-8C59-F7BE5C271C0C}"
EndProject
Global
	GlobalSection(SolutionConfigurationPlatforms) = preSolution
		Debug|Any CPU = Debug|Any CPU
		Debug|ARM = Debug|ARM
		Debug|x64 = Debug|x64
		Debug|x86 = Debug|x86
		Release|Any CPU = Release|Any CPU
		Release|ARM = Release|ARM
		Release|x64 = Release|x64
		Release|x86 = Release|x86
	EndGlobalSection
	GlobalSection(ProjectConfigurationPlatforms) = postSolution
		{04836B54-E59D-49EA-8992-848BB71BE1DC}.Debug|Any CPU.ActiveCfg = Debug|Any CPU
		{04836B54-E59D-49EA-8992-848BB71BE1DC}.Debug|Any CPU.Build.0 = Debug|Any CPU
		{04836B54-E59D-49EA-8992-848BB71BE1DC}.Debug|ARM.ActiveCfg = Debug|Any CPU
		{04836B54-E59D-49EA-8992-848BB71BE1DC}.Debug|ARM.Build.0 = Debug|Any CPU
		{04836B54-E59D-49EA-8992-848BB71BE1DC}.Debug|x64.ActiveCfg = Debug|Any CPU
		{04836B54-E59D-49EA-8992-848BB71BE1DC}.Debug|x64.Build.0 = Debug|Any CPU
		{04836B54-E59D-49EA-8992-848BB71BE1DC}.Debug|x86.ActiveCfg = Debug|Any CPU
		{04836B54-E59D-49EA-8992-848BB71BE1DC}.Debug|x86.Build.0 = Debug|Any CPU
		{04836B54-E59D-49EA-8992-848BB71BE1DC}.Release|Any CPU.ActiveCfg = Release|Any CPU
		{04836B54-E59D-49EA-8992-848BB71BE1DC}.Release|Any CPU.Build.0 = Release|Any CPU
		{04836B54-E59D-49EA-8992-848BB71BE1DC}.Release|ARM.ActiveCfg = Release|Any CPU
		{04836B54-E59D-49EA-8992-848BB71BE1DC}.Release|ARM.Build.0 = Release|Any CPU
		{04836B54-E59D-49EA-8992-848BB71BE1DC}.Release|x64.ActiveCfg = Release|Any CPU
		{04836B54-E59D-49EA-8992-848BB71BE1DC}.Release|x64.Build.0 = Release|Any CPU
		{04836B54-E59D-49EA-8992-848BB71BE1DC}.Release|x86.ActiveCfg = Release|Any CPU
		{04836B54-E59D-49EA-8992-848BB71BE1DC}.Release|x86.Build.0 = Release|Any CPU
		{EC1EC2DC-4D1B-42DF-B274-8A033D2FCA4F}.Debug|Any CPU.ActiveCfg = Debug|Any CPU
		{EC1EC2DC-4D1B-42DF-B274-8A033D2FCA4F}.Debug|Any CPU.Build.0 = Debug|Any CPU
		{EC1EC2DC-4D1B-42DF-B274-8A033D2FCA4F}.Debug|Any CPU.Deploy.0 = Debug|Any CPU
		{EC1EC2DC-4D1B-42DF-B274-8A033D2FCA4F}.Debug|ARM.ActiveCfg = Debug|ARM
		{EC1EC2DC-4D1B-42DF-B274-8A033D2FCA4F}.Debug|ARM.Build.0 = Debug|ARM
		{EC1EC2DC-4D1B-42DF-B274-8A033D2FCA4F}.Debug|ARM.Deploy.0 = Debug|ARM
		{EC1EC2DC-4D1B-42DF-B274-8A033D2FCA4F}.Debug|x64.ActiveCfg = Debug|x64
		{EC1EC2DC-4D1B-42DF-B274-8A033D2FCA4F}.Debug|x64.Build.0 = Debug|x64
		{EC1EC2DC-4D1B-42DF-B274-8A033D2FCA4F}.Debug|x64.Deploy.0 = Debug|x64
		{EC1EC2DC-4D1B-42DF-B274-8A033D2FCA4F}.Debug|x86.ActiveCfg = Debug|x86
		{EC1EC2DC-4D1B-42DF-B274-8A033D2FCA4F}.Debug|x86.Build.0 = Debug|x86
		{EC1EC2DC-4D1B-42DF-B274-8A033D2FCA4F}.Debug|x86.Deploy.0 = Debug|x86
		{EC1EC2DC-4D1B-42DF-B274-8A033D2FCA4F}.Release|Any CPU.ActiveCfg = Release|Any CPU
		{EC1EC2DC-4D1B-42DF-B274-8A033D2FCA4F}.Release|Any CPU.Build.0 = Release|Any CPU
		{EC1EC2DC-4D1B-42DF-B274-8A033D2FCA4F}.Release|Any CPU.Deploy.0 = Release|Any CPU
		{EC1EC2DC-4D1B-42DF-B274-8A033D2FCA4F}.Release|ARM.ActiveCfg = Release|ARM
		{EC1EC2DC-4D1B-42DF-B274-8A033D2FCA4F}.Release|ARM.Build.0 = Release|ARM
		{EC1EC2DC-4D1B-42DF-B274-8A033D2FCA4F}.Release|ARM.Deploy.0 = Release|ARM
		{EC1EC2DC-4D1B-42DF-B274-8A033D2FCA4F}.Release|x64.ActiveCfg = Release|x64
		{EC1EC2DC-4D1B-42DF-B274-8A033D2FCA4F}.Release|x64.Build.0 = Release|x64
		{EC1EC2DC-4D1B-42DF-B274-8A033D2FCA4F}.Release|x64.Deploy.0 = Release|x64
		{EC1EC2DC-4D1B-42DF-B274-8A033D2FCA4F}.Release|x86.ActiveCfg = Release|x86
		{EC1EC2DC-4D1B-42DF-B274-8A033D2FCA4F}.Release|x86.Build.0 = Release|x86
		{EC1EC2DC-4D1B-42DF-B274-8A033D2FCA4F}.Release|x86.Deploy.0 = Release|x86
		{C734A91D-733F-4A92-92A4-F6736186ADE5}.Debug|Any CPU.ActiveCfg = Debug|Any CPU
		{C734A91D-733F-4A92-92A4-F6736186ADE5}.Debug|Any CPU.Build.0 = Debug|Any CPU
		{C734A91D-733F-4A92-92A4-F6736186ADE5}.Debug|ARM.ActiveCfg = Debug|Any CPU
		{C734A91D-733F-4A92-92A4-F6736186ADE5}.Debug|ARM.Build.0 = Debug|Any CPU
		{C734A91D-733F-4A92-92A4-F6736186ADE5}.Debug|x64.ActiveCfg = Debug|Any CPU
		{C734A91D-733F-4A92-92A4-F6736186ADE5}.Debug|x64.Build.0 = Debug|Any CPU
		{C734A91D-733F-4A92-92A4-F6736186ADE5}.Debug|x86.ActiveCfg = Debug|Any CPU
		{C734A91D-733F-4A92-92A4-F6736186ADE5}.Debug|x86.Build.0 = Debug|Any CPU
		{C734A91D-733F-4A92-92A4-F6736186ADE5}.Release|Any CPU.ActiveCfg = Release|Any CPU
		{C734A91D-733F-4A92-92A4-F6736186ADE5}.Release|Any CPU.Build.0 = Release|Any CPU
		{C734A91D-733F-4A92-92A4-F6736186ADE5}.Release|ARM.ActiveCfg = Release|Any CPU
		{C734A91D-733F-4A92-92A4-F6736186ADE5}.Release|ARM.Build.0 = Release|Any CPU
		{C734A91D-733F-4A92-92A4-F6736186ADE5}.Release|x64.ActiveCfg = Release|Any CPU
		{C734A91D-733F-4A92-92A4-F6736186ADE5}.Release|x64.Build.0 = Release|Any CPU
		{C734A91D-733F-4A92-92A4-F6736186ADE5}.Release|x86.ActiveCfg = Release|Any CPU
		{C734A91D-733F-4A92-92A4-F6736186ADE5}.Release|x86.Build.0 = Release|Any CPU
		{ACFE0DCE-6458-4D15-B00C-56CA83CD2128}.Debug|Any CPU.ActiveCfg = Debug|Any CPU
		{ACFE0DCE-6458-4D15-B00C-56CA83CD2128}.Debug|Any CPU.Build.0 = Debug|Any CPU
		{ACFE0DCE-6458-4D15-B00C-56CA83CD2128}.Debug|ARM.ActiveCfg = Debug|Any CPU
		{ACFE0DCE-6458-4D15-B00C-56CA83CD2128}.Debug|ARM.Build.0 = Debug|Any CPU
		{ACFE0DCE-6458-4D15-B00C-56CA83CD2128}.Debug|x64.ActiveCfg = Debug|Any CPU
		{ACFE0DCE-6458-4D15-B00C-56CA83CD2128}.Debug|x64.Build.0 = Debug|Any CPU
		{ACFE0DCE-6458-4D15-B00C-56CA83CD2128}.Debug|x86.ActiveCfg = Debug|Any CPU
		{ACFE0DCE-6458-4D15-B00C-56CA83CD2128}.Debug|x86.Build.0 = Debug|Any CPU
		{ACFE0DCE-6458-4D15-B00C-56CA83CD2128}.Release|Any CPU.ActiveCfg = Release|Any CPU
		{ACFE0DCE-6458-4D15-B00C-56CA83CD2128}.Release|Any CPU.Build.0 = Release|Any CPU
		{ACFE0DCE-6458-4D15-B00C-56CA83CD2128}.Release|ARM.ActiveCfg = Release|Any CPU
		{ACFE0DCE-6458-4D15-B00C-56CA83CD2128}.Release|ARM.Build.0 = Release|Any CPU
		{ACFE0DCE-6458-4D15-B00C-56CA83CD2128}.Release|x64.ActiveCfg = Release|Any CPU
		{ACFE0DCE-6458-4D15-B00C-56CA83CD2128}.Release|x64.Build.0 = Release|Any CPU
		{ACFE0DCE-6458-4D15-B00C-56CA83CD2128}.Release|x86.ActiveCfg = Release|Any CPU
		{ACFE0DCE-6458-4D15-B00C-56CA83CD2128}.Release|x86.Build.0 = Release|Any CPU
		{E52D695D-BF80-4740-B120-F27BB1792E4A}.Debug|Any CPU.ActiveCfg = Debug|x86
		{E52D695D-BF80-4740-B120-F27BB1792E4A}.Debug|Any CPU.Build.0 = Debug|x86
		{E52D695D-BF80-4740-B120-F27BB1792E4A}.Debug|Any CPU.Deploy.0 = Debug|x86
		{E52D695D-BF80-4740-B120-F27BB1792E4A}.Debug|ARM.ActiveCfg = Debug|ARM
		{E52D695D-BF80-4740-B120-F27BB1792E4A}.Debug|ARM.Build.0 = Debug|ARM
		{E52D695D-BF80-4740-B120-F27BB1792E4A}.Debug|ARM.Deploy.0 = Debug|ARM
		{E52D695D-BF80-4740-B120-F27BB1792E4A}.Debug|x64.ActiveCfg = Debug|x86
		{E52D695D-BF80-4740-B120-F27BB1792E4A}.Debug|x64.Build.0 = Debug|x86
		{E52D695D-BF80-4740-B120-F27BB1792E4A}.Debug|x64.Deploy.0 = Debug|x86
		{E52D695D-BF80-4740-B120-F27BB1792E4A}.Debug|x86.ActiveCfg = Debug|x86
		{E52D695D-BF80-4740-B120-F27BB1792E4A}.Debug|x86.Build.0 = Debug|x86
		{E52D695D-BF80-4740-B120-F27BB1792E4A}.Debug|x86.Deploy.0 = Debug|x86
		{E52D695D-BF80-4740-B120-F27BB1792E4A}.Release|Any CPU.ActiveCfg = Release|x86
		{E52D695D-BF80-4740-B120-F27BB1792E4A}.Release|Any CPU.Build.0 = Release|x86
		{E52D695D-BF80-4740-B120-F27BB1792E4A}.Release|Any CPU.Deploy.0 = Release|x86
		{E52D695D-BF80-4740-B120-F27BB1792E4A}.Release|ARM.ActiveCfg = Release|ARM
		{E52D695D-BF80-4740-B120-F27BB1792E4A}.Release|ARM.Build.0 = Release|ARM
		{E52D695D-BF80-4740-B120-F27BB1792E4A}.Release|ARM.Deploy.0 = Release|ARM
		{E52D695D-BF80-4740-B120-F27BB1792E4A}.Release|x64.ActiveCfg = Release|x86
		{E52D695D-BF80-4740-B120-F27BB1792E4A}.Release|x64.Build.0 = Release|x86
		{E52D695D-BF80-4740-B120-F27BB1792E4A}.Release|x64.Deploy.0 = Release|x86
		{E52D695D-BF80-4740-B120-F27BB1792E4A}.Release|x86.ActiveCfg = Release|x86
		{E52D695D-BF80-4740-B120-F27BB1792E4A}.Release|x86.Build.0 = Release|x86
		{E52D695D-BF80-4740-B120-F27BB1792E4A}.Release|x86.Deploy.0 = Release|x86
		{2FC12A8B-7836-4D25-A55A-7E756105A9CC}.Debug|Any CPU.ActiveCfg = Debug|Any CPU
		{2FC12A8B-7836-4D25-A55A-7E756105A9CC}.Debug|Any CPU.Build.0 = Debug|Any CPU
		{2FC12A8B-7836-4D25-A55A-7E756105A9CC}.Debug|ARM.ActiveCfg = Debug|ARM
		{2FC12A8B-7836-4D25-A55A-7E756105A9CC}.Debug|ARM.Build.0 = Debug|ARM
		{2FC12A8B-7836-4D25-A55A-7E756105A9CC}.Debug|x64.ActiveCfg = Debug|x64
		{2FC12A8B-7836-4D25-A55A-7E756105A9CC}.Debug|x64.Build.0 = Debug|x64
		{2FC12A8B-7836-4D25-A55A-7E756105A9CC}.Debug|x86.ActiveCfg = Debug|x86
		{2FC12A8B-7836-4D25-A55A-7E756105A9CC}.Debug|x86.Build.0 = Debug|x86
		{2FC12A8B-7836-4D25-A55A-7E756105A9CC}.Release|Any CPU.ActiveCfg = Release|Any CPU
		{2FC12A8B-7836-4D25-A55A-7E756105A9CC}.Release|Any CPU.Build.0 = Release|Any CPU
		{2FC12A8B-7836-4D25-A55A-7E756105A9CC}.Release|ARM.ActiveCfg = Release|ARM
		{2FC12A8B-7836-4D25-A55A-7E756105A9CC}.Release|ARM.Build.0 = Release|ARM
		{2FC12A8B-7836-4D25-A55A-7E756105A9CC}.Release|x64.ActiveCfg = Release|x64
		{2FC12A8B-7836-4D25-A55A-7E756105A9CC}.Release|x64.Build.0 = Release|x64
		{2FC12A8B-7836-4D25-A55A-7E756105A9CC}.Release|x86.ActiveCfg = Release|x86
		{2FC12A8B-7836-4D25-A55A-7E756105A9CC}.Release|x86.Build.0 = Release|x86
		{9E7E0FEB-DB90-40D3-AD16-2477987A4399}.Debug|Any CPU.ActiveCfg = Debug|x86
		{9E7E0FEB-DB90-40D3-AD16-2477987A4399}.Debug|Any CPU.Build.0 = Debug|x86
		{9E7E0FEB-DB90-40D3-AD16-2477987A4399}.Debug|Any CPU.Deploy.0 = Debug|x86
		{9E7E0FEB-DB90-40D3-AD16-2477987A4399}.Debug|ARM.ActiveCfg = Debug|ARM
		{9E7E0FEB-DB90-40D3-AD16-2477987A4399}.Debug|ARM.Build.0 = Debug|ARM
		{9E7E0FEB-DB90-40D3-AD16-2477987A4399}.Debug|ARM.Deploy.0 = Debug|ARM
		{9E7E0FEB-DB90-40D3-AD16-2477987A4399}.Debug|x64.ActiveCfg = Debug|x64
		{9E7E0FEB-DB90-40D3-AD16-2477987A4399}.Debug|x64.Build.0 = Debug|x64
		{9E7E0FEB-DB90-40D3-AD16-2477987A4399}.Debug|x64.Deploy.0 = Debug|x64
		{9E7E0FEB-DB90-40D3-AD16-2477987A4399}.Debug|x86.ActiveCfg = Debug|x86
		{9E7E0FEB-DB90-40D3-AD16-2477987A4399}.Debug|x86.Build.0 = Debug|x86
		{9E7E0FEB-DB90-40D3-AD16-2477987A4399}.Debug|x86.Deploy.0 = Debug|x86
		{9E7E0FEB-DB90-40D3-AD16-2477987A4399}.Release|Any CPU.ActiveCfg = Release|x86
		{9E7E0FEB-DB90-40D3-AD16-2477987A4399}.Release|Any CPU.Build.0 = Release|x86
		{9E7E0FEB-DB90-40D3-AD16-2477987A4399}.Release|Any CPU.Deploy.0 = Release|x86
		{9E7E0FEB-DB90-40D3-AD16-2477987A4399}.Release|ARM.ActiveCfg = Release|ARM
		{9E7E0FEB-DB90-40D3-AD16-2477987A4399}.Release|ARM.Build.0 = Release|ARM
		{9E7E0FEB-DB90-40D3-AD16-2477987A4399}.Release|ARM.Deploy.0 = Release|ARM
		{9E7E0FEB-DB90-40D3-AD16-2477987A4399}.Release|x64.ActiveCfg = Release|x64
		{9E7E0FEB-DB90-40D3-AD16-2477987A4399}.Release|x64.Build.0 = Release|x64
		{9E7E0FEB-DB90-40D3-AD16-2477987A4399}.Release|x64.Deploy.0 = Release|x64
		{9E7E0FEB-DB90-40D3-AD16-2477987A4399}.Release|x86.ActiveCfg = Release|x86
		{9E7E0FEB-DB90-40D3-AD16-2477987A4399}.Release|x86.Build.0 = Release|x86
		{9E7E0FEB-DB90-40D3-AD16-2477987A4399}.Release|x86.Deploy.0 = Release|x86
		{65212DBD-DE92-4030-A794-AB4406A06060}.Debug|Any CPU.ActiveCfg = Debug|x86
		{65212DBD-DE92-4030-A794-AB4406A06060}.Debug|Any CPU.Build.0 = Debug|x86
		{65212DBD-DE92-4030-A794-AB4406A06060}.Debug|Any CPU.Deploy.0 = Debug|x86
		{65212DBD-DE92-4030-A794-AB4406A06060}.Debug|ARM.ActiveCfg = Debug|ARM
		{65212DBD-DE92-4030-A794-AB4406A06060}.Debug|ARM.Build.0 = Debug|ARM
		{65212DBD-DE92-4030-A794-AB4406A06060}.Debug|ARM.Deploy.0 = Debug|ARM
		{65212DBD-DE92-4030-A794-AB4406A06060}.Debug|x64.ActiveCfg = Debug|x64
		{65212DBD-DE92-4030-A794-AB4406A06060}.Debug|x64.Build.0 = Debug|x64
		{65212DBD-DE92-4030-A794-AB4406A06060}.Debug|x64.Deploy.0 = Debug|x64
		{65212DBD-DE92-4030-A794-AB4406A06060}.Debug|x86.ActiveCfg = Debug|x86
		{65212DBD-DE92-4030-A794-AB4406A06060}.Debug|x86.Build.0 = Debug|x86
		{65212DBD-DE92-4030-A794-AB4406A06060}.Debug|x86.Deploy.0 = Debug|x86
		{65212DBD-DE92-4030-A794-AB4406A06060}.Release|Any CPU.ActiveCfg = Release|x86
		{65212DBD-DE92-4030-A794-AB4406A06060}.Release|Any CPU.Build.0 = Release|x86
		{65212DBD-DE92-4030-A794-AB4406A06060}.Release|Any CPU.Deploy.0 = Release|x86
		{65212DBD-DE92-4030-A794-AB4406A06060}.Release|ARM.ActiveCfg = Release|ARM
		{65212DBD-DE92-4030-A794-AB4406A06060}.Release|ARM.Build.0 = Release|ARM
		{65212DBD-DE92-4030-A794-AB4406A06060}.Release|ARM.Deploy.0 = Release|ARM
		{65212DBD-DE92-4030-A794-AB4406A06060}.Release|x64.ActiveCfg = Release|x64
		{65212DBD-DE92-4030-A794-AB4406A06060}.Release|x64.Build.0 = Release|x64
		{65212DBD-DE92-4030-A794-AB4406A06060}.Release|x64.Deploy.0 = Release|x64
		{65212DBD-DE92-4030-A794-AB4406A06060}.Release|x86.ActiveCfg = Release|x86
		{65212DBD-DE92-4030-A794-AB4406A06060}.Release|x86.Build.0 = Release|x86
		{65212DBD-DE92-4030-A794-AB4406A06060}.Release|x86.Deploy.0 = Release|x86
		{562F028E-7549-4759-8C59-F7BE5C271C0C}.Debug|Any CPU.ActiveCfg = Debug|Any CPU
		{562F028E-7549-4759-8C59-F7BE5C271C0C}.Debug|Any CPU.Build.0 = Debug|Any CPU
		{562F028E-7549-4759-8C59-F7BE5C271C0C}.Debug|ARM.ActiveCfg = Debug|Any CPU
		{562F028E-7549-4759-8C59-F7BE5C271C0C}.Debug|ARM.Build.0 = Debug|Any CPU
		{562F028E-7549-4759-8C59-F7BE5C271C0C}.Debug|x64.ActiveCfg = Debug|Any CPU
		{562F028E-7549-4759-8C59-F7BE5C271C0C}.Debug|x64.Build.0 = Debug|Any CPU
		{562F028E-7549-4759-8C59-F7BE5C271C0C}.Debug|x86.ActiveCfg = Debug|Any CPU
		{562F028E-7549-4759-8C59-F7BE5C271C0C}.Debug|x86.Build.0 = Debug|Any CPU
		{562F028E-7549-4759-8C59-F7BE5C271C0C}.Release|Any CPU.ActiveCfg = Release|Any CPU
		{562F028E-7549-4759-8C59-F7BE5C271C0C}.Release|Any CPU.Build.0 = Release|Any CPU
		{562F028E-7549-4759-8C59-F7BE5C271C0C}.Release|ARM.ActiveCfg = Release|Any CPU
		{562F028E-7549-4759-8C59-F7BE5C271C0C}.Release|ARM.Build.0 = Release|Any CPU
		{562F028E-7549-4759-8C59-F7BE5C271C0C}.Release|x64.ActiveCfg = Release|Any CPU
		{562F028E-7549-4759-8C59-F7BE5C271C0C}.Release|x64.Build.0 = Release|Any CPU
		{562F028E-7549-4759-8C59-F7BE5C271C0C}.Release|x86.ActiveCfg = Release|Any CPU
		{562F028E-7549-4759-8C59-F7BE5C271C0C}.Release|x86.Build.0 = Release|Any CPU
	EndGlobalSection
	GlobalSection(SolutionProperties) = preSolution
		HideSolutionNode = FALSE
	EndGlobalSection
	GlobalSection(NestedProjects) = preSolution
		{04836B54-E59D-49EA-8992-848BB71BE1DC} = {28151CF5-6BE3-4DC1-AB6E-29D8D667EC05}
		{EC1EC2DC-4D1B-42DF-B274-8A033D2FCA4F} = {996DDD15-5802-4398-8B51-DD2393ABB5C6}
		{C734A91D-733F-4A92-92A4-F6736186ADE5} = {28151CF5-6BE3-4DC1-AB6E-29D8D667EC05}
		{ACFE0DCE-6458-4D15-B00C-56CA83CD2128} = {996DDD15-5802-4398-8B51-DD2393ABB5C6}
		{E52D695D-BF80-4740-B120-F27BB1792E4A} = {996DDD15-5802-4398-8B51-DD2393ABB5C6}
		{2FC12A8B-7836-4D25-A55A-7E756105A9CC} = {28151CF5-6BE3-4DC1-AB6E-29D8D667EC05}
		{9E7E0FEB-DB90-40D3-AD16-2477987A4399} = {996DDD15-5802-4398-8B51-DD2393ABB5C6}
		{65212DBD-DE92-4030-A794-AB4406A06060} = {B75D2F11-ED25-431E-9886-59609893E9B2}
		{562F028E-7549-4759-8C59-F7BE5C271C0C} = {B75D2F11-ED25-431E-9886-59609893E9B2}
	EndGlobalSection
EndGlobal
